
Microsoft Visual Studio Solution File, Format Version 12.00
# Visual Studio 15
VisualStudioVersion = 15.0.27130.2027
MinimumVisualStudioVersion = 10.0.40219.1
Project("{9A19103F-16F7-4668-BE54-9A1E7A4F7556}") = "Application", "src\Application\Application.csproj", "{B2A03956-5B8F-423F-A7F0-4CDB2A6D310E}"
EndProject
Project("{9A19103F-16F7-4668-BE54-9A1E7A4F7556}") = "API", "src\API\API.csproj", "{63926638-221B-4911-9FEA-DDD0AF70793D}"
EndProject
Project("{9A19103F-16F7-4668-BE54-9A1E7A4F7556}") = "Domain", "src\Domain\Domain.csproj", "{905D8046-699D-492F-B77E-CC2480D16194}"
EndProject
Project("{9A19103F-16F7-4668-BE54-9A1E7A4F7556}") = "CrossCutting", "src\CrossCutting\CrossCutting.csproj", "{CEE887A9-A383-4315-BEB5-4BEBC58B1B80}"
EndProject
Project("{9A19103F-16F7-4668-BE54-9A1E7A4F7556}") = "Infra.Data", "src\Infra.Data\Infra.Data.csproj", "{1EF00360-9557-4DA0-A748-9A13E8AB2C97}"
EndProject
Global
	GlobalSection(SolutionConfigurationPlatforms) = preSolution
		Debug|Any CPU = Debug|Any CPU
		Release|Any CPU = Release|Any CPU
	EndGlobalSection
	GlobalSection(ProjectConfigurationPlatforms) = postSolution
		{B2A03956-5B8F-423F-A7F0-4CDB2A6D310E}.Debug|Any CPU.ActiveCfg = Debug|Any CPU
		{B2A03956-5B8F-423F-A7F0-4CDB2A6D310E}.Debug|Any CPU.Build.0 = Debug|Any CPU
		{B2A03956-5B8F-423F-A7F0-4CDB2A6D310E}.Release|Any CPU.ActiveCfg = Release|Any CPU
		{B2A03956-5B8F-423F-A7F0-4CDB2A6D310E}.Release|Any CPU.Build.0 = Release|Any CPU
		{63926638-221B-4911-9FEA-DDD0AF70793D}.Debug|Any CPU.ActiveCfg = Debug|Any CPU
		{63926638-221B-4911-9FEA-DDD0AF70793D}.Debug|Any CPU.Build.0 = Debug|Any CPU
		{63926638-221B-4911-9FEA-DDD0AF70793D}.Release|Any CPU.ActiveCfg = Release|Any CPU
		{63926638-221B-4911-9FEA-DDD0AF70793D}.Release|Any CPU.Build.0 = Release|Any CPU
		{905D8046-699D-492F-B77E-CC2480D16194}.Debug|Any CPU.ActiveCfg = Debug|Any CPU
		{905D8046-699D-492F-B77E-CC2480D16194}.Debug|Any CPU.Build.0 = Debug|Any CPU
		{905D8046-699D-492F-B77E-CC2480D16194}.Release|Any CPU.ActiveCfg = Release|Any CPU
		{905D8046-699D-492F-B77E-CC2480D16194}.Release|Any CPU.Build.0 = Release|Any CPU
		{CEE887A9-A383-4315-BEB5-4BEBC58B1B80}.Debug|Any CPU.ActiveCfg = Debug|Any CPU
		{CEE887A9-A383-4315-BEB5-4BEBC58B1B80}.Debug|Any CPU.Build.0 = Debug|Any CPU
		{CEE887A9-A383-4315-BEB5-4BEBC58B1B80}.Release|Any CPU.ActiveCfg = Release|Any CPU
		{CEE887A9-A383-4315-BEB5-4BEBC58B1B80}.Release|Any CPU.Build.0 = Release|Any CPU
		{1EF00360-9557-4DA0-A748-9A13E8AB2C97}.Debug|Any CPU.ActiveCfg = Debug|Any CPU
		{1EF00360-9557-4DA0-A748-9A13E8AB2C97}.Debug|Any CPU.Build.0 = Debug|Any CPU
		{1EF00360-9557-4DA0-A748-9A13E8AB2C97}.Release|Any CPU.ActiveCfg = Release|Any CPU
		{1EF00360-9557-4DA0-A748-9A13E8AB2C97}.Release|Any CPU.Build.0 = Release|Any CPU
	EndGlobalSection
	GlobalSection(SolutionProperties) = preSolution
		HideSolutionNode = FALSE
	EndGlobalSection
	GlobalSection(ExtensibilityGlobals) = postSolution
		SolutionGuid = {82975CB4-C758-473B-9523-1A3DC0C36B27}
	EndGlobalSection
EndGlobal
